
Microsoft Visual Studio Solution File, Format Version 12.00
# Visual Studio Version 17
VisualStudioVersion = 17.1.32210.238
MinimumVisualStudioVersion = 10.0.40219.1
Project("{FAE04EC0-301F-11D3-BF4B-00C04F79EFBC}") = "tpmodul3_1302204001", "tpmodul3_1302204001\tpmodul3_1302204001.csproj", "{35C4C545-E078-4C96-A0A3-2A7294A109E9}"
EndProject
Global
	GlobalSection(SolutionConfigurationPlatforms) = preSolution
		Debug|Any CPU = Debug|Any CPU
		Release|Any CPU = Release|Any CPU
	EndGlobalSection
	GlobalSection(ProjectConfigurationPlatforms) = postSolution
		{35C4C545-E078-4C96-A0A3-2A7294A109E9}.Debug|Any CPU.ActiveCfg = Debug|Any CPU
		{35C4C545-E078-4C96-A0A3-2A7294A109E9}.Debug|Any CPU.Build.0 = Debug|Any CPU
		{35C4C545-E078-4C96-A0A3-2A7294A109E9}.Release|Any CPU.ActiveCfg = Release|Any CPU
		{35C4C545-E078-4C96-A0A3-2A7294A109E9}.Release|Any CPU.Build.0 = Release|Any CPU
	EndGlobalSection
	GlobalSection(SolutionProperties) = preSolution
		HideSolutionNode = FALSE
	EndGlobalSection
	GlobalSection(ExtensibilityGlobals) = postSolution
		SolutionGuid = {3054DCAE-EB30-4131-A5BC-CB7DC10C6734}
	EndGlobalSection
EndGlobal
